
Microsoft Visual Studio Solution File, Format Version 12.00
# Visual Studio Version 17
VisualStudioVersion = 17.7.34202.233
MinimumVisualStudioVersion = 10.0.40219.1
Project("{FAE04EC0-301F-11D3-BF4B-00C04F79EFBC}") = "SalesWebMvc", "SalesWebMvc\SalesWebMvc.csproj", "{13DA8A6B-A0E3-491F-B77D-005BFBAC816B}"
EndProject
Global
	GlobalSection(SolutionConfigurationPlatforms) = preSolution
		Debug|Any CPU = Debug|Any CPU
		Release|Any CPU = Release|Any CPU
	EndGlobalSection
	GlobalSection(ProjectConfigurationPlatforms) = postSolution
		{13DA8A6B-A0E3-491F-B77D-005BFBAC816B}.Debug|Any CPU.ActiveCfg = Debug|Any CPU
		{13DA8A6B-A0E3-491F-B77D-005BFBAC816B}.Debug|Any CPU.Build.0 = Debug|Any CPU
		{13DA8A6B-A0E3-491F-B77D-005BFBAC816B}.Release|Any CPU.ActiveCfg = Release|Any CPU
		{13DA8A6B-A0E3-491F-B77D-005BFBAC816B}.Release|Any CPU.Build.0 = Release|Any CPU
	EndGlobalSection
	GlobalSection(SolutionProperties) = preSolution
		HideSolutionNode = FALSE
	EndGlobalSection
	GlobalSection(ExtensibilityGlobals) = postSolution
		SolutionGuid = {3BA5A571-E1B3-46D6-91E9-9D474FB71A5F}
	EndGlobalSection
EndGlobal
